
Microsoft Visual Studio Solution File, Format Version 11.00
# Visual Studio 2010
Project("{FAE04EC0-301F-11D3-BF4B-00C04F79EFBC}") = "GravitySw", "Assembly-CSharp.csproj", "{6A9F43CB-9B7C-5419-0776-5BF7EA0AB4AB}"
EndProject
Global
	GlobalSection(SolutionConfigurationPlatforms) = preSolution
		Debug|Any CPU = Debug|Any CPU
		Release|Any CPU = Release|Any CPU
	EndGlobalSection
	GlobalSection(ProjectConfigurationPlatforms) = postSolution
		{6A9F43CB-9B7C-5419-0776-5BF7EA0AB4AB}.Debug|Any CPU.ActiveCfg = Debug|Any CPU
		{6A9F43CB-9B7C-5419-0776-5BF7EA0AB4AB}.Debug|Any CPU.Build.0 = Debug|Any CPU
		{6A9F43CB-9B7C-5419-0776-5BF7EA0AB4AB}.Release|Any CPU.ActiveCfg = Release|Any CPU
		{6A9F43CB-9B7C-5419-0776-5BF7EA0AB4AB}.Release|Any CPU.Build.0 = Release|Any CPU
	EndGlobalSection
	GlobalSection(SolutionProperties) = preSolution
		HideSolutionNode = FALSE
	EndGlobalSection
	GlobalSection(MonoDevelopProperties) = preSolution
		StartupItem = Assembly-CSharp.csproj
	EndGlobalSection
EndGlobal
